
Microsoft Visual Studio Solution File, Format Version 12.00
# Visual Studio Version 16
VisualStudioVersion = 16.0.31205.134
MinimumVisualStudioVersion = 10.0.40219.1
Project("{FAE04EC0-301F-11D3-BF4B-00C04F79EFBC}") = "DecimalToBinaryWithModulo", "DecimalToBinaryWithModulo.csproj", "{EA18EAD6-08B7-4197-8C5B-E53190096C79}"
EndProject
Global
	GlobalSection(SolutionConfigurationPlatforms) = preSolution
		Debug|Any CPU = Debug|Any CPU
		Release|Any CPU = Release|Any CPU
	EndGlobalSection
	GlobalSection(ProjectConfigurationPlatforms) = postSolution
		{EA18EAD6-08B7-4197-8C5B-E53190096C79}.Debug|Any CPU.ActiveCfg = Debug|Any CPU
		{EA18EAD6-08B7-4197-8C5B-E53190096C79}.Debug|Any CPU.Build.0 = Debug|Any CPU
		{EA18EAD6-08B7-4197-8C5B-E53190096C79}.Release|Any CPU.ActiveCfg = Release|Any CPU
		{EA18EAD6-08B7-4197-8C5B-E53190096C79}.Release|Any CPU.Build.0 = Release|Any CPU
	EndGlobalSection
	GlobalSection(SolutionProperties) = preSolution
		HideSolutionNode = FALSE
	EndGlobalSection
	GlobalSection(ExtensibilityGlobals) = postSolution
		SolutionGuid = {B2DA5EF4-4C51-4BF6-995A-116F8CB7BEAF}
	EndGlobalSection
EndGlobal
